
Microsoft Visual Studio Solution File, Format Version 12.00
# Visual Studio Version 17
VisualStudioVersion = 17.2.32616.157
MinimumVisualStudioVersion = 10.0.40219.1
Project("{9A19103F-16F7-4668-BE54-9A1E7A4F7556}") = "Srini.Template.Sample", "Srini.Template.Sample\Srini.Template.Sample.csproj", "{EC1FDCFB-0C33-4408-A48E-65920C10F650}"
EndProject
Project("{2150E333-8FDC-42A3-9474-1A3956D46DE8}") = ".github", ".github", "{F733BF1E-B851-41DF-AFBB-B8660AC68172}"
	ProjectSection(SolutionItems) = preProject
		init.sh = init.sh
		rename_project.sh = rename_project.sh
		template.yml = template.yml
		TextFile1.txt = TextFile1.txt
	EndProjectSection
EndProject
Project("{2150E333-8FDC-42A3-9474-1A3956D46DE8}") = "workflows", "workflows", "{21F21FE3-C946-4BC7-89EE-EB4956B3E2B2}"
	ProjectSection(SolutionItems) = preProject
		rename_project.yml = rename_project.yml
	EndProjectSection
EndProject
Global
	GlobalSection(SolutionConfigurationPlatforms) = preSolution
		Debug|Any CPU = Debug|Any CPU
		Release|Any CPU = Release|Any CPU
	EndGlobalSection
	GlobalSection(ProjectConfigurationPlatforms) = postSolution
		{EC1FDCFB-0C33-4408-A48E-65920C10F650}.Debug|Any CPU.ActiveCfg = Debug|Any CPU
		{EC1FDCFB-0C33-4408-A48E-65920C10F650}.Debug|Any CPU.Build.0 = Debug|Any CPU
		{EC1FDCFB-0C33-4408-A48E-65920C10F650}.Release|Any CPU.ActiveCfg = Release|Any CPU
		{EC1FDCFB-0C33-4408-A48E-65920C10F650}.Release|Any CPU.Build.0 = Release|Any CPU
	EndGlobalSection
	GlobalSection(SolutionProperties) = preSolution
		HideSolutionNode = FALSE
	EndGlobalSection
	GlobalSection(NestedProjects) = preSolution
		{21F21FE3-C946-4BC7-89EE-EB4956B3E2B2} = {F733BF1E-B851-41DF-AFBB-B8660AC68172}
	EndGlobalSection
	GlobalSection(ExtensibilityGlobals) = postSolution
		SolutionGuid = {9DD2E6AE-C04D-4769-9B1E-724CC28406A7}
	EndGlobalSection
EndGlobal
